{
  "name": "@una-ecom/shopify-connector",
  "version": "1.0.0",
  "lockfileVersion": 3,
  "requires": true,
  "packages": {
    "": {
      "name": "@una-ecom/shopify-connector",
      "version": "1.0.0",
      "license": "ISC",
      "dependencies": {
        "@una-ecom/plugin-sdk": "^1.5.2"
      }
    },
    "node_modules/@prisma/client": {
      "version": "6.5.0",
      "resolved": "https://registry.npmjs.org/@prisma/client/-/client-6.5.0.tgz",
      "integrity": "sha512-M6w1Ql/BeiGoZmhMdAZUXHu5sz5HubyVcKukbLs3l0ELcQb8hTUJxtGEChhv4SVJ0QJlwtLnwOLgIRQhpsm9dw==",
      "hasInstallScript": true,
      "engines": {
        "node": ">=18.18"
      },
      "peerDependencies": {
        "prisma": "*",
        "typescript": ">=5.1.0"
      },
      "peerDependenciesMeta": {
        "prisma": {
          "optional": true
        },
        "typescript": {
          "optional": true
        }
      }
    },
    "node_modules/@una-ecom/plugin-sdk": {
      "version": "1.5.2",
      "resolved": "https://registry.npmjs.org/@una-ecom/plugin-sdk/-/plugin-sdk-1.5.2.tgz",
      "integrity": "sha512-Be7LIw8NhZiSj96OWh3Zn+GlJIgDYfPcgHf6m4Bm4Cae8i4+LWRCf0BBAZZFjASV7WNTJ9UL7mriE28KCTsuOA==",
      "dependencies": {
        "@prisma/client": "^6.4.1"
      }
    }
  }
}
